// !$*UTF8*$!
{
	archiveVersion = 1;
	classes = {
	};
	objectVersion = 55;
	objects = {

/* Begin PBXBuildFile section */
		5207E6D92763DB45006DDDB6 /* MarvelData.xcdatamodeld in Sources */ = {isa = PBXBuildFile; fileRef = 5207E6D72763DB45006DDDB6 /* MarvelData.xcdatamodeld */; };
		522D9E322791B76E00FB6B47 /* HomeViewModelDelegate.swift in Sources */ = {isa = PBXBuildFile; fileRef = 522D9E312791B76E00FB6B47 /* HomeViewModelDelegate.swift */; };
		522D9E342791B7B800FB6B47 /* HomeViewControllerDelegate.swift in Sources */ = {isa = PBXBuildFile; fileRef = 522D9E332791B7B800FB6B47 /* HomeViewControllerDelegate.swift */; };
		522D9E362791B7DB00FB6B47 /* DelegateHomeViewController.swift in Sources */ = {isa = PBXBuildFile; fileRef = 522D9E352791B7DB00FB6B47 /* DelegateHomeViewController.swift */; };
		522D9E382791B87C00FB6B47 /* DataSourceHomeViewController.swift in Sources */ = {isa = PBXBuildFile; fileRef = 522D9E372791B87C00FB6B47 /* DataSourceHomeViewController.swift */; };
		523765BC27469DA200E8BC78 /* HomeViewController.swift in Sources */ = {isa = PBXBuildFile; fileRef = 523765BB27469DA200E8BC78 /* HomeViewController.swift */; };
		523765C427469DA700E8BC78 /* LaunchScreen.storyboard in Resources */ = {isa = PBXBuildFile; fileRef = 523765C227469DA700E8BC78 /* LaunchScreen.storyboard */; };
		5243D6E8278F17F7008ABD5B /* ViewAnimator in Frameworks */ = {isa = PBXBuildFile; productRef = 5243D6E7278F17F7008ABD5B /* ViewAnimator */; };
		526D76FA27959C12004184D4 /* HomeViewModelTestes.swift in Sources */ = {isa = PBXBuildFile; fileRef = 526D76F927959C12004184D4 /* HomeViewModelTestes.swift */; };
		527AF10527906CC4007247E0 /* HomeViewModel.swift in Sources */ = {isa = PBXBuildFile; fileRef = 527AF10427906CC4007247E0 /* HomeViewModel.swift */; };
		527AF10D27907016007247E0 /* DetailsViewModel.swift in Sources */ = {isa = PBXBuildFile; fileRef = 527AF10C27907016007247E0 /* DetailsViewModel.swift */; };
		529918EB274BE4DE002CC164 /* Lottie in Frameworks */ = {isa = PBXBuildFile; productRef = 529918EA274BE4DE002CC164 /* Lottie */; };
		529918ED274C01B5002CC164 /* LoadingCell.swift in Sources */ = {isa = PBXBuildFile; fileRef = 529918EC274C01B5002CC164 /* LoadingCell.swift */; };
		52B21E602798A90600F328AE /* response.json in Resources */ = {isa = PBXBuildFile; fileRef = 52B21E5F2798A33C00F328AE /* response.json */; };
		52B21E642798AC8300F328AE /* HomeViewControllerSpy.swift in Sources */ = {isa = PBXBuildFile; fileRef = 52B21E632798AC8300F328AE /* HomeViewControllerSpy.swift */; };
		52BFAC1E27A465010007DB42 /* FirebaseAnalytics in Frameworks */ = {isa = PBXBuildFile; productRef = 52BFAC1D27A465010007DB42 /* FirebaseAnalytics */; };
		52BFAC5827A4814C0007DB42 /* GoogleService-Info.plist in Resources */ = {isa = PBXBuildFile; fileRef = 52BFAC5727A4814C0007DB42 /* GoogleService-Info.plist */; };
		52E2A2522746BF2100A3AD3E /* DetailsViewController.swift in Sources */ = {isa = PBXBuildFile; fileRef = 52E2A2512746BF2100A3AD3E /* DetailsViewController.swift */; };
		52E2A2552746C1A300A3AD3E /* CustomCell.swift in Sources */ = {isa = PBXBuildFile; fileRef = 52E2A2542746C1A300A3AD3E /* CustomCell.swift */; };
		52EBEB59279612B90005637D /* CoreDataMock.swift in Sources */ = {isa = PBXBuildFile; fileRef = 52EBEB58279612B90005637D /* CoreDataMock.swift */; };
		52F41E17275AC25D0074B233 /* HomeViewControllerTests.swift in Sources */ = {isa = PBXBuildFile; fileRef = 52F41E16275AC25D0074B233 /* HomeViewControllerTests.swift */; };
		52FFA41C2754DE59006A3F39 /* Kingfisher in Frameworks */ = {isa = PBXBuildFile; productRef = 52FFA41B2754DE59006A3F39 /* Kingfisher */; };
		52FFA41E27551323006A3F39 /* Assets.xcassets in Resources */ = {isa = PBXBuildFile; fileRef = 52FFA41D27551323006A3F39 /* Assets.xcassets */; };
		52FFA4392756C049006A3F39 /* NetworkServiceSpy.swift in Sources */ = {isa = PBXBuildFile; fileRef = 52FFA4382756C049006A3F39 /* NetworkServiceSpy.swift */; };
		882FD57627EBD72600897D57 /* Authentication.swift in Sources */ = {isa = PBXBuildFile; fileRef = 882FD57527EBD72500897D57 /* Authentication.swift */; };
		882FD57C27EBD9B400897D57 /* AuthenticationTests.swift in Sources */ = {isa = PBXBuildFile; fileRef = 882FD57B27EBD9B400897D57 /* AuthenticationTests.swift */; };
		88CDDB5127FE4A750095BB7F /* SearchCharacterRequest.swift in Sources */ = {isa = PBXBuildFile; fileRef = 88CDDB5027FE4A750095BB7F /* SearchCharacterRequest.swift */; };
		88CDDB5327FE4B440095BB7F /* SetCarouselCharacterRequest.swift in Sources */ = {isa = PBXBuildFile; fileRef = 88CDDB5227FE4B440095BB7F /* SetCarouselCharacterRequest.swift */; };
		FD0FD80727EBE01E0082FE0D /* SetNewCharacterRequest.swift in Sources */ = {isa = PBXBuildFile; fileRef = FD0FD80627EBE01E0082FE0D /* SetNewCharacterRequest.swift */; };
		FD0FD80927EBE0800082FE0D /* BaseRequest.swift in Sources */ = {isa = PBXBuildFile; fileRef = FD0FD80827EBE0800082FE0D /* BaseRequest.swift */; };
		FD207B9B27DAB60800A75EA2 /* CoreDataManager.swift in Sources */ = {isa = PBXBuildFile; fileRef = FD207B9027DAB60800A75EA2 /* CoreDataManager.swift */; };
		FD207B9C27DAB60800A75EA2 /* CoreDataProtocol.swift in Sources */ = {isa = PBXBuildFile; fileRef = FD207B9127DAB60800A75EA2 /* CoreDataProtocol.swift */; };
		FD207B9D27DAB60800A75EA2 /* ParseManager.swift in Sources */ = {isa = PBXBuildFile; fileRef = FD207B9227DAB60800A75EA2 /* ParseManager.swift */; };
		FD207B9E27DAB60800A75EA2 /* DataBaseController.swift in Sources */ = {isa = PBXBuildFile; fileRef = FD207B9327DAB60800A75EA2 /* DataBaseController.swift */; };
		FD207B9F27DAB60800A75EA2 /* Thumbnail.swift in Sources */ = {isa = PBXBuildFile; fileRef = FD207B9527DAB60800A75EA2 /* Thumbnail.swift */; };
		FD207BA027DAB60800A75EA2 /* Character.swift in Sources */ = {isa = PBXBuildFile; fileRef = FD207B9627DAB60800A75EA2 /* Character.swift */; };
		FD207BA127DAB60800A75EA2 /* Result.swift in Sources */ = {isa = PBXBuildFile; fileRef = FD207B9727DAB60800A75EA2 /* Result.swift */; };
		FD207BA227DAB60800A75EA2 /* DataClass.swift in Sources */ = {isa = PBXBuildFile; fileRef = FD207B9827DAB60800A75EA2 /* DataClass.swift */; };
		FD207BA327DAB60800A75EA2 /* Comics.swift in Sources */ = {isa = PBXBuildFile; fileRef = FD207B9927DAB60800A75EA2 /* Comics.swift */; };
		FD207BA427DAB60800A75EA2 /* ComicsItem.swift in Sources */ = {isa = PBXBuildFile; fileRef = FD207B9A27DAB60800A75EA2 /* ComicsItem.swift */; };
		FD207BAC27DAB60F00A75EA2 /* NetworkServiceError.swift in Sources */ = {isa = PBXBuildFile; fileRef = FD207BA627DAB60F00A75EA2 /* NetworkServiceError.swift */; };
		FD207BAD27DAB60F00A75EA2 /* Auth.swift in Sources */ = {isa = PBXBuildFile; fileRef = FD207BA727DAB60F00A75EA2 /* Auth.swift */; };
		FD207BAF27DAB60F00A75EA2 /* NetworkService.swift in Sources */ = {isa = PBXBuildFile; fileRef = FD207BA927DAB60F00A75EA2 /* NetworkService.swift */; };
		FD207BB027DAB60F00A75EA2 /* HTTPMethod.swift in Sources */ = {isa = PBXBuildFile; fileRef = FD207BAA27DAB60F00A75EA2 /* HTTPMethod.swift */; };
		FD207BB127DAB60F00A75EA2 /* InternetConnectionManager.swift in Sources */ = {isa = PBXBuildFile; fileRef = FD207BAB27DAB60F00A75EA2 /* InternetConnectionManager.swift */; };
		FD207BB927DAB61600A75EA2 /* loading.json in Resources */ = {isa = PBXBuildFile; fileRef = FD207BB327DAB61600A75EA2 /* loading.json */; };
		FD207BBA27DAB61600A75EA2 /* Extensions.swift in Sources */ = {isa = PBXBuildFile; fileRef = FD207BB427DAB61600A75EA2 /* Extensions.swift */; };
		FD207BBB27DAB61600A75EA2 /* CodeView.swift in Sources */ = {isa = PBXBuildFile; fileRef = FD207BB527DAB61600A75EA2 /* CodeView.swift */; };
		FD207BBC27DAB61600A75EA2 /* ImageWithBlur.swift in Sources */ = {isa = PBXBuildFile; fileRef = FD207BB627DAB61600A75EA2 /* ImageWithBlur.swift */; };
		FD207BBD27DAB61600A75EA2 /* AppDelegate.swift in Sources */ = {isa = PBXBuildFile; fileRef = FD207BB727DAB61600A75EA2 /* AppDelegate.swift */; };
		FD207BBE27DAB61600A75EA2 /* TaggingProtocol.swift in Sources */ = {isa = PBXBuildFile; fileRef = FD207BB827DAB61600A75EA2 /* TaggingProtocol.swift */; };
		FD207BC127DAC46E00A75EA2 /* MarvelCrypto.swift in Sources */ = {isa = PBXBuildFile; fileRef = FD207BC027DAC46E00A75EA2 /* MarvelCrypto.swift */; };
		FD207BC527DAC78F00A75EA2 /* MarvelCryptoSpy.swift in Sources */ = {isa = PBXBuildFile; fileRef = FD207BC427DAC78F00A75EA2 /* MarvelCryptoSpy.swift */; };
		FD207BC727DAC7B600A75EA2 /* MarvelCryptoTests.swift in Sources */ = {isa = PBXBuildFile; fileRef = FD207BC627DAC7B600A75EA2 /* MarvelCryptoTests.swift */; };
		FD4864F32819E8A900F01D88 /* NetworkServiceTests.swift in Sources */ = {isa = PBXBuildFile; fileRef = FD4864F22819E8A900F01D88 /* NetworkServiceTests.swift */; };
		FD4864F52819E90A00F01D88 /* AuthenticationURLProviderSpy.swift in Sources */ = {isa = PBXBuildFile; fileRef = FD4864F42819E90A00F01D88 /* AuthenticationURLProviderSpy.swift */; };
		FD4864F82819E96D00F01D88 /* AuthenticationURLProvider+Fixtures.swift in Sources */ = {isa = PBXBuildFile; fileRef = FD4864F72819E96D00F01D88 /* AuthenticationURLProvider+Fixtures.swift */; };
		FD4864FB2819ECE900F01D88 /* SetNewCharacterRequestTests.swift in Sources */ = {isa = PBXBuildFile; fileRef = FD4864FA2819ECE900F01D88 /* SetNewCharacterRequestTests.swift */; };
/* End PBXBuildFile section */

/* Begin PBXContainerItemProxy section */
		52FFA43127566AF1006A3F39 /* PBXContainerItemProxy */ = {
			isa = PBXContainerItemProxy;
			containerPortal = 523765AC27469DA200E8BC78 /* Project object */;
			proxyType = 1;
			remoteGlobalIDString = 523765B327469DA200E8BC78;
			remoteInfo = MarvelApp;
		};
/* End PBXContainerItemProxy section */

/* Begin PBXFileReference section */
		5207E6D82763DB45006DDDB6 /* MarvelData.xcdatamodel */ = {isa = PBXFileReference; lastKnownFileType = wrapper.xcdatamodel; path = MarvelData.xcdatamodel; sourceTree = "<group>"; };
		522D9E312791B76E00FB6B47 /* HomeViewModelDelegate.swift */ = {isa = PBXFileReference; lastKnownFileType = sourcecode.swift; path = HomeViewModelDelegate.swift; sourceTree = "<group>"; };
		522D9E332791B7B800FB6B47 /* HomeViewControllerDelegate.swift */ = {isa = PBXFileReference; lastKnownFileType = sourcecode.swift; path = HomeViewControllerDelegate.swift; sourceTree = "<group>"; };
		522D9E352791B7DB00FB6B47 /* DelegateHomeViewController.swift */ = {isa = PBXFileReference; lastKnownFileType = sourcecode.swift; path = DelegateHomeViewController.swift; sourceTree = "<group>"; };
		522D9E372791B87C00FB6B47 /* DataSourceHomeViewController.swift */ = {isa = PBXFileReference; lastKnownFileType = sourcecode.swift; path = DataSourceHomeViewController.swift; sourceTree = "<group>"; };
		523765B427469DA200E8BC78 /* MarvelApp.app */ = {isa = PBXFileReference; explicitFileType = wrapper.application; includeInIndex = 0; path = MarvelApp.app; sourceTree = BUILT_PRODUCTS_DIR; };
		523765BB27469DA200E8BC78 /* HomeViewController.swift */ = {isa = PBXFileReference; lastKnownFileType = sourcecode.swift; path = HomeViewController.swift; sourceTree = "<group>"; };
		523765C327469DA700E8BC78 /* Base */ = {isa = PBXFileReference; lastKnownFileType = file.storyboard; name = Base; path = Base.lproj/LaunchScreen.storyboard; sourceTree = "<group>"; };
		523765C527469DA700E8BC78 /* Info.plist */ = {isa = PBXFileReference; lastKnownFileType = text.plist.xml; path = Info.plist; sourceTree = "<group>"; };
		526D76F927959C12004184D4 /* HomeViewModelTestes.swift */ = {isa = PBXFileReference; lastKnownFileType = sourcecode.swift; path = HomeViewModelTestes.swift; sourceTree = "<group>"; };
		527AF10427906CC4007247E0 /* HomeViewModel.swift */ = {isa = PBXFileReference; lastKnownFileType = sourcecode.swift; path = HomeViewModel.swift; sourceTree = "<group>"; };
		527AF10C27907016007247E0 /* DetailsViewModel.swift */ = {isa = PBXFileReference; lastKnownFileType = sourcecode.swift; path = DetailsViewModel.swift; sourceTree = "<group>"; };
		529918EC274C01B5002CC164 /* LoadingCell.swift */ = {isa = PBXFileReference; lastKnownFileType = sourcecode.swift; path = LoadingCell.swift; sourceTree = "<group>"; };
		52B21E5F2798A33C00F328AE /* response.json */ = {isa = PBXFileReference; lastKnownFileType = text.json; path = response.json; sourceTree = "<group>"; };
		52B21E632798AC8300F328AE /* HomeViewControllerSpy.swift */ = {isa = PBXFileReference; lastKnownFileType = sourcecode.swift; path = HomeViewControllerSpy.swift; sourceTree = "<group>"; };
		52BFAC5727A4814C0007DB42 /* GoogleService-Info.plist */ = {isa = PBXFileReference; fileEncoding = 4; lastKnownFileType = text.plist.xml; path = "GoogleService-Info.plist"; sourceTree = "<group>"; };
		52E2A2512746BF2100A3AD3E /* DetailsViewController.swift */ = {isa = PBXFileReference; lastKnownFileType = sourcecode.swift; path = DetailsViewController.swift; sourceTree = "<group>"; };
		52E2A2542746C1A300A3AD3E /* CustomCell.swift */ = {isa = PBXFileReference; lastKnownFileType = sourcecode.swift; path = CustomCell.swift; sourceTree = "<group>"; };
		52EBEB58279612B90005637D /* CoreDataMock.swift */ = {isa = PBXFileReference; lastKnownFileType = sourcecode.swift; path = CoreDataMock.swift; sourceTree = "<group>"; };
		52F41E16275AC25D0074B233 /* HomeViewControllerTests.swift */ = {isa = PBXFileReference; lastKnownFileType = sourcecode.swift; path = HomeViewControllerTests.swift; sourceTree = "<group>"; };
		52FFA41D27551323006A3F39 /* Assets.xcassets */ = {isa = PBXFileReference; lastKnownFileType = folder.assetcatalog; path = Assets.xcassets; sourceTree = "<group>"; };
		52FFA42D27566AF1006A3F39 /* MarvelAppTests.xctest */ = {isa = PBXFileReference; explicitFileType = wrapper.cfbundle; includeInIndex = 0; path = MarvelAppTests.xctest; sourceTree = BUILT_PRODUCTS_DIR; };
		52FFA4382756C049006A3F39 /* NetworkServiceSpy.swift */ = {isa = PBXFileReference; lastKnownFileType = sourcecode.swift; path = NetworkServiceSpy.swift; sourceTree = "<group>"; };
		882FD57527EBD72500897D57 /* Authentication.swift */ = {isa = PBXFileReference; lastKnownFileType = sourcecode.swift; path = Authentication.swift; sourceTree = "<group>"; };
		882FD57B27EBD9B400897D57 /* AuthenticationTests.swift */ = {isa = PBXFileReference; lastKnownFileType = sourcecode.swift; path = AuthenticationTests.swift; sourceTree = "<group>"; };
		88CDDB5027FE4A750095BB7F /* SearchCharacterRequest.swift */ = {isa = PBXFileReference; lastKnownFileType = sourcecode.swift; path = SearchCharacterRequest.swift; sourceTree = "<group>"; };
		88CDDB5227FE4B440095BB7F /* SetCarouselCharacterRequest.swift */ = {isa = PBXFileReference; lastKnownFileType = sourcecode.swift; path = SetCarouselCharacterRequest.swift; sourceTree = "<group>"; };
		FD0FD80627EBE01E0082FE0D /* SetNewCharacterRequest.swift */ = {isa = PBXFileReference; lastKnownFileType = sourcecode.swift; path = SetNewCharacterRequest.swift; sourceTree = "<group>"; };
		FD0FD80827EBE0800082FE0D /* BaseRequest.swift */ = {isa = PBXFileReference; lastKnownFileType = sourcecode.swift; path = BaseRequest.swift; sourceTree = "<group>"; };
		FD207B9027DAB60800A75EA2 /* CoreDataManager.swift */ = {isa = PBXFileReference; fileEncoding = 4; lastKnownFileType = sourcecode.swift; path = CoreDataManager.swift; sourceTree = "<group>"; };
		FD207B9127DAB60800A75EA2 /* CoreDataProtocol.swift */ = {isa = PBXFileReference; fileEncoding = 4; lastKnownFileType = sourcecode.swift; path = CoreDataProtocol.swift; sourceTree = "<group>"; };
		FD207B9227DAB60800A75EA2 /* ParseManager.swift */ = {isa = PBXFileReference; fileEncoding = 4; lastKnownFileType = sourcecode.swift; path = ParseManager.swift; sourceTree = "<group>"; };
		FD207B9327DAB60800A75EA2 /* DataBaseController.swift */ = {isa = PBXFileReference; fileEncoding = 4; lastKnownFileType = sourcecode.swift; path = DataBaseController.swift; sourceTree = "<group>"; };
		FD207B9527DAB60800A75EA2 /* Thumbnail.swift */ = {isa = PBXFileReference; fileEncoding = 4; lastKnownFileType = sourcecode.swift; path = Thumbnail.swift; sourceTree = "<group>"; };
		FD207B9627DAB60800A75EA2 /* Character.swift */ = {isa = PBXFileReference; fileEncoding = 4; lastKnownFileType = sourcecode.swift; path = Character.swift; sourceTree = "<group>"; };
		FD207B9727DAB60800A75EA2 /* Result.swift */ = {isa = PBXFileReference; fileEncoding = 4; lastKnownFileType = sourcecode.swift; path = Result.swift; sourceTree = "<group>"; };
		FD207B9827DAB60800A75EA2 /* DataClass.swift */ = {isa = PBXFileReference; fileEncoding = 4; lastKnownFileType = sourcecode.swift; path = DataClass.swift; sourceTree = "<group>"; };
		FD207B9927DAB60800A75EA2 /* Comics.swift */ = {isa = PBXFileReference; fileEncoding = 4; lastKnownFileType = sourcecode.swift; path = Comics.swift; sourceTree = "<group>"; };
		FD207B9A27DAB60800A75EA2 /* ComicsItem.swift */ = {isa = PBXFileReference; fileEncoding = 4; lastKnownFileType = sourcecode.swift; path = ComicsItem.swift; sourceTree = "<group>"; };
		FD207BA627DAB60F00A75EA2 /* NetworkServiceError.swift */ = {isa = PBXFileReference; fileEncoding = 4; lastKnownFileType = sourcecode.swift; path = NetworkServiceError.swift; sourceTree = "<group>"; };
		FD207BA727DAB60F00A75EA2 /* Auth.swift */ = {isa = PBXFileReference; fileEncoding = 4; lastKnownFileType = sourcecode.swift; path = Auth.swift; sourceTree = "<group>"; };
		FD207BA927DAB60F00A75EA2 /* NetworkService.swift */ = {isa = PBXFileReference; fileEncoding = 4; lastKnownFileType = sourcecode.swift; path = NetworkService.swift; sourceTree = "<group>"; };
		FD207BAA27DAB60F00A75EA2 /* HTTPMethod.swift */ = {isa = PBXFileReference; fileEncoding = 4; lastKnownFileType = sourcecode.swift; path = HTTPMethod.swift; sourceTree = "<group>"; };
		FD207BAB27DAB60F00A75EA2 /* InternetConnectionManager.swift */ = {isa = PBXFileReference; fileEncoding = 4; lastKnownFileType = sourcecode.swift; path = InternetConnectionManager.swift; sourceTree = "<group>"; };
		FD207BB327DAB61600A75EA2 /* loading.json */ = {isa = PBXFileReference; fileEncoding = 4; lastKnownFileType = text.json; path = loading.json; sourceTree = "<group>"; };
		FD207BB427DAB61600A75EA2 /* Extensions.swift */ = {isa = PBXFileReference; fileEncoding = 4; lastKnownFileType = sourcecode.swift; path = Extensions.swift; sourceTree = "<group>"; };
		FD207BB527DAB61600A75EA2 /* CodeView.swift */ = {isa = PBXFileReference; fileEncoding = 4; lastKnownFileType = sourcecode.swift; path = CodeView.swift; sourceTree = "<group>"; };
		FD207BB627DAB61600A75EA2 /* ImageWithBlur.swift */ = {isa = PBXFileReference; fileEncoding = 4; lastKnownFileType = sourcecode.swift; path = ImageWithBlur.swift; sourceTree = "<group>"; };
		FD207BB727DAB61600A75EA2 /* AppDelegate.swift */ = {isa = PBXFileReference; fileEncoding = 4; lastKnownFileType = sourcecode.swift; path = AppDelegate.swift; sourceTree = "<group>"; };
		FD207BB827DAB61600A75EA2 /* TaggingProtocol.swift */ = {isa = PBXFileReference; fileEncoding = 4; lastKnownFileType = sourcecode.swift; path = TaggingProtocol.swift; sourceTree = "<group>"; };
		FD207BC027DAC46E00A75EA2 /* MarvelCrypto.swift */ = {isa = PBXFileReference; lastKnownFileType = sourcecode.swift; path = MarvelCrypto.swift; sourceTree = "<group>"; };
		FD207BC427DAC78F00A75EA2 /* MarvelCryptoSpy.swift */ = {isa = PBXFileReference; lastKnownFileType = sourcecode.swift; path = MarvelCryptoSpy.swift; sourceTree = "<group>"; };
		FD207BC627DAC7B600A75EA2 /* MarvelCryptoTests.swift */ = {isa = PBXFileReference; lastKnownFileType = sourcecode.swift; path = MarvelCryptoTests.swift; sourceTree = "<group>"; };
		FD4864F22819E8A900F01D88 /* NetworkServiceTests.swift */ = {isa = PBXFileReference; lastKnownFileType = sourcecode.swift; path = NetworkServiceTests.swift; sourceTree = "<group>"; };
		FD4864F42819E90A00F01D88 /* AuthenticationURLProviderSpy.swift */ = {isa = PBXFileReference; lastKnownFileType = sourcecode.swift; path = AuthenticationURLProviderSpy.swift; sourceTree = "<group>"; };
		FD4864F72819E96D00F01D88 /* AuthenticationURLProvider+Fixtures.swift */ = {isa = PBXFileReference; lastKnownFileType = sourcecode.swift; path = "AuthenticationURLProvider+Fixtures.swift"; sourceTree = "<group>"; };
		FD4864FA2819ECE900F01D88 /* SetNewCharacterRequestTests.swift */ = {isa = PBXFileReference; lastKnownFileType = sourcecode.swift; path = SetNewCharacterRequestTests.swift; sourceTree = "<group>"; };
/* End PBXFileReference section */

/* Begin PBXFrameworksBuildPhase section */
		523765B127469DA200E8BC78 /* Frameworks */ = {
			isa = PBXFrameworksBuildPhase;
			buildActionMask = 2147483647;
			files = (
				52FFA41C2754DE59006A3F39 /* Kingfisher in Frameworks */,
				529918EB274BE4DE002CC164 /* Lottie in Frameworks */,
				52BFAC1E27A465010007DB42 /* FirebaseAnalytics in Frameworks */,
				5243D6E8278F17F7008ABD5B /* ViewAnimator in Frameworks */,
			);
			runOnlyForDeploymentPostprocessing = 0;
		};
		52FFA42A27566AF1006A3F39 /* Frameworks */ = {
			isa = PBXFrameworksBuildPhase;
			buildActionMask = 2147483647;
			files = (
			);
			runOnlyForDeploymentPostprocessing = 0;
		};
/* End PBXFrameworksBuildPhase section */

/* Begin PBXGroup section */
		523765AB27469DA200E8BC78 = {
			isa = PBXGroup;
			children = (
				523765B627469DA200E8BC78 /* MarvelApp */,
				52FFA42E27566AF1006A3F39 /* MarvelAppTests */,
				523765B527469DA200E8BC78 /* Products */,
			);
			sourceTree = "<group>";
		};
		523765B527469DA200E8BC78 /* Products */ = {
			isa = PBXGroup;
			children = (
				523765B427469DA200E8BC78 /* MarvelApp.app */,
				52FFA42D27566AF1006A3F39 /* MarvelAppTests.xctest */,
			);
			name = Products;
			sourceTree = "<group>";
		};
		523765B627469DA200E8BC78 /* MarvelApp */ = {
			isa = PBXGroup;
			children = (
				FD207BBF27DAC44900A75EA2 /* Crypto */,
				FD207BB227DAB61600A75EA2 /* Utils */,
				FD207BA527DAB60F00A75EA2 /* Network */,
				FD207B8E27DAB60800A75EA2 /* Data */,
				527AF10627906ED5007247E0 /* Scene */,
				523765CC27469E0200E8BC78 /* Resources */,
			);
			path = MarvelApp;
			sourceTree = "<group>";
		};
		523765CC27469E0200E8BC78 /* Resources */ = {
			isa = PBXGroup;
			children = (
				52FFA41D27551323006A3F39 /* Assets.xcassets */,
				523765C227469DA700E8BC78 /* LaunchScreen.storyboard */,
				523765C527469DA700E8BC78 /* Info.plist */,
				52BFAC5727A4814C0007DB42 /* GoogleService-Info.plist */,
				5207E6D72763DB45006DDDB6 /* MarvelData.xcdatamodeld */,
			);
			path = Resources;
			sourceTree = "<group>";
		};
		527AF10327906CB5007247E0 /* Home */ = {
			isa = PBXGroup;
			children = (
				527AF10727906F00007247E0 /* ViewController */,
				527AF10827906F06007247E0 /* ViewModel */,
			);
			path = Home;
			sourceTree = "<group>";
		};
		527AF10627906ED5007247E0 /* Scene */ = {
			isa = PBXGroup;
			children = (
				527AF10327906CB5007247E0 /* Home */,
				527AF10A27907001007247E0 /* Details */,
			);
			path = Scene;
			sourceTree = "<group>";
		};
		527AF10727906F00007247E0 /* ViewController */ = {
			isa = PBXGroup;
			children = (
				527AF10927906F32007247E0 /* Cells */,
				523765BB27469DA200E8BC78 /* HomeViewController.swift */,
				522D9E332791B7B800FB6B47 /* HomeViewControllerDelegate.swift */,
				522D9E352791B7DB00FB6B47 /* DelegateHomeViewController.swift */,
				522D9E372791B87C00FB6B47 /* DataSourceHomeViewController.swift */,
			);
			path = ViewController;
			sourceTree = "<group>";
		};
		527AF10827906F06007247E0 /* ViewModel */ = {
			isa = PBXGroup;
			children = (
				527AF10427906CC4007247E0 /* HomeViewModel.swift */,
				522D9E312791B76E00FB6B47 /* HomeViewModelDelegate.swift */,
			);
			path = ViewModel;
			sourceTree = "<group>";
		};
		527AF10927906F32007247E0 /* Cells */ = {
			isa = PBXGroup;
			children = (
				52E2A2542746C1A300A3AD3E /* CustomCell.swift */,
				529918EC274C01B5002CC164 /* LoadingCell.swift */,
			);
			path = Cells;
			sourceTree = "<group>";
		};
		527AF10A27907001007247E0 /* Details */ = {
			isa = PBXGroup;
			children = (
				527AF10E2790701C007247E0 /* ViewController */,
				527AF10B27907007007247E0 /* ViewModel */,
			);
			path = Details;
			sourceTree = "<group>";
		};
		527AF10B27907007007247E0 /* ViewModel */ = {
			isa = PBXGroup;
			children = (
				527AF10C27907016007247E0 /* DetailsViewModel.swift */,
			);
			path = ViewModel;
			sourceTree = "<group>";
		};
		527AF10E2790701C007247E0 /* ViewController */ = {
			isa = PBXGroup;
			children = (
				52E2A2512746BF2100A3AD3E /* DetailsViewController.swift */,
			);
			path = ViewController;
			sourceTree = "<group>";
		};
		52B21E652798AF8F00F328AE /* MockData */ = {
			isa = PBXGroup;
			children = (
				52B21E5F2798A33C00F328AE /* response.json */,
			);
			path = MockData;
			sourceTree = "<group>";
		};
		52B21E662798AFA000F328AE /* Spy */ = {
			isa = PBXGroup;
			children = (
				52FFA4382756C049006A3F39 /* NetworkServiceSpy.swift */,
				52B21E632798AC8300F328AE /* HomeViewControllerSpy.swift */,
			);
			path = Spy;
			sourceTree = "<group>";
		};
		52B21E672798AFB400F328AE /* Mock */ = {
			isa = PBXGroup;
			children = (
				52EBEB58279612B90005637D /* CoreDataMock.swift */,
			);
			path = Mock;
			sourceTree = "<group>";
		};
		52B21E682798AFBE00F328AE /* Tests */ = {
			isa = PBXGroup;
			children = (
				882FD57827EBD8F300897D57 /* Network */,
				FD207BC227DAC75C00A75EA2 /* Crypto */,
				52F41E16275AC25D0074B233 /* HomeViewControllerTests.swift */,
				526D76F927959C12004184D4 /* HomeViewModelTestes.swift */,
			);
			path = Tests;
			sourceTree = "<group>";
		};
		52FFA42E27566AF1006A3F39 /* MarvelAppTests */ = {
			isa = PBXGroup;
			children = (
				52B21E682798AFBE00F328AE /* Tests */,
				52B21E672798AFB400F328AE /* Mock */,
				52B21E662798AFA000F328AE /* Spy */,
				52B21E652798AF8F00F328AE /* MockData */,
			);
			path = MarvelAppTests;
			sourceTree = "<group>";
		};
		882FD57727EBD73800897D57 /* Entity */ = {
			isa = PBXGroup;
			children = (
				FD207BA727DAB60F00A75EA2 /* Auth.swift */,
				FD207BAA27DAB60F00A75EA2 /* HTTPMethod.swift */,
				FD207BA627DAB60F00A75EA2 /* NetworkServiceError.swift */,
			);
			path = Entity;
			sourceTree = "<group>";
		};
		882FD57827EBD8F300897D57 /* Network */ = {
			isa = PBXGroup;
			children = (
				FD4864F92819ECE000F01D88 /* Requests */,
				FD4864F62819E91D00F01D88 /* AuthenticationURLProvider */,
				FD4864F22819E8A900F01D88 /* NetworkServiceTests.swift */,
			);
			path = Network;
			sourceTree = "<group>";
		};
		FD0FD80527EBDFF90082FE0D /* Requests */ = {
			isa = PBXGroup;
			children = (
				FD0FD80627EBE01E0082FE0D /* SetNewCharacterRequest.swift */,
				88CDDB5027FE4A750095BB7F /* SearchCharacterRequest.swift */,
				88CDDB5227FE4B440095BB7F /* SetCarouselCharacterRequest.swift */,
			);
			path = Requests;
			sourceTree = "<group>";
		};
		FD207B8E27DAB60800A75EA2 /* Data */ = {
			isa = PBXGroup;
			children = (
				FD207B8F27DAB60800A75EA2 /* Database */,
				FD207B9427DAB60800A75EA2 /* Entity */,
			);
			path = Data;
			sourceTree = "<group>";
		};
		FD207B8F27DAB60800A75EA2 /* Database */ = {
			isa = PBXGroup;
			children = (
				FD207B9027DAB60800A75EA2 /* CoreDataManager.swift */,
				FD207B9127DAB60800A75EA2 /* CoreDataProtocol.swift */,
				FD207B9227DAB60800A75EA2 /* ParseManager.swift */,
				FD207B9327DAB60800A75EA2 /* DataBaseController.swift */,
			);
			path = Database;
			sourceTree = "<group>";
		};
		FD207B9427DAB60800A75EA2 /* Entity */ = {
			isa = PBXGroup;
			children = (
				FD207B9527DAB60800A75EA2 /* Thumbnail.swift */,
				FD207B9627DAB60800A75EA2 /* Character.swift */,
				FD207B9727DAB60800A75EA2 /* Result.swift */,
				FD207B9827DAB60800A75EA2 /* DataClass.swift */,
				FD207B9927DAB60800A75EA2 /* Comics.swift */,
				FD207B9A27DAB60800A75EA2 /* ComicsItem.swift */,
			);
			path = Entity;
			sourceTree = "<group>";
		};
		FD207BA527DAB60F00A75EA2 /* Network */ = {
			isa = PBXGroup;
			children = (
				FD0FD80527EBDFF90082FE0D /* Requests */,
				882FD57727EBD73800897D57 /* Entity */,
				FD207BA927DAB60F00A75EA2 /* NetworkService.swift */,
				FD207BAB27DAB60F00A75EA2 /* InternetConnectionManager.swift */,
				882FD57527EBD72500897D57 /* Authentication.swift */,
				FD0FD80827EBE0800082FE0D /* BaseRequest.swift */,
			);
			path = Network;
			sourceTree = "<group>";
		};
		FD207BB227DAB61600A75EA2 /* Utils */ = {
			isa = PBXGroup;
			children = (
				FD207BB327DAB61600A75EA2 /* loading.json */,
				FD207BB427DAB61600A75EA2 /* Extensions.swift */,
				FD207BB527DAB61600A75EA2 /* CodeView.swift */,
				FD207BB627DAB61600A75EA2 /* ImageWithBlur.swift */,
				FD207BB727DAB61600A75EA2 /* AppDelegate.swift */,
				FD207BB827DAB61600A75EA2 /* TaggingProtocol.swift */,
			);
			path = Utils;
			sourceTree = "<group>";
		};
		FD207BBF27DAC44900A75EA2 /* Crypto */ = {
			isa = PBXGroup;
			children = (
				FD207BC027DAC46E00A75EA2 /* MarvelCrypto.swift */,
			);
			path = Crypto;
			sourceTree = "<group>";
		};
		FD207BC227DAC75C00A75EA2 /* Crypto */ = {
			isa = PBXGroup;
			children = (
				FD207BC627DAC7B600A75EA2 /* MarvelCryptoTests.swift */,
				FD207BC327DAC77B00A75EA2 /* Doubles */,
			);
			path = Crypto;
			sourceTree = "<group>";
		};
		FD207BC327DAC77B00A75EA2 /* Doubles */ = {
			isa = PBXGroup;
			children = (
				FD207BC427DAC78F00A75EA2 /* MarvelCryptoSpy.swift */,
			);
			path = Doubles;
			sourceTree = "<group>";
		};
		FD4864F62819E91D00F01D88 /* AuthenticationURLProvider */ = {
			isa = PBXGroup;
			children = (
				FD4864F42819E90A00F01D88 /* AuthenticationURLProviderSpy.swift */,
				882FD57B27EBD9B400897D57 /* AuthenticationURLProviderTests.swift */,
				FD4864F72819E96D00F01D88 /* AuthenticationURLProvider+Fixtures.swift */,
			);
			path = AuthenticationURLProvider;
			sourceTree = "<group>";
		};
		FD4864F92819ECE000F01D88 /* Requests */ = {
			isa = PBXGroup;
			children = (
				FD4864FA2819ECE900F01D88 /* SetNewCharacterRequestTests.swift */,
			);
			path = Requests;
			sourceTree = "<group>";
		};
/* End PBXGroup section */

/* Begin PBXNativeTarget section */
		523765B327469DA200E8BC78 /* MarvelApp */ = {
			isa = PBXNativeTarget;
			buildConfigurationList = 523765C827469DA700E8BC78 /* Build configuration list for PBXNativeTarget "MarvelApp" */;
			buildPhases = (
				523765B027469DA200E8BC78 /* Sources */,
				523765B127469DA200E8BC78 /* Frameworks */,
				523765B227469DA200E8BC78 /* Resources */,
			);
			buildRules = (
			);
			dependencies = (
			);
			name = MarvelApp;
			packageProductDependencies = (
				529918EA274BE4DE002CC164 /* Lottie */,
				52FFA41B2754DE59006A3F39 /* Kingfisher */,
				5243D6E7278F17F7008ABD5B /* ViewAnimator */,
				52BFAC1D27A465010007DB42 /* FirebaseAnalytics */,
			);
			productName = MarvelApp;
			productReference = 523765B427469DA200E8BC78 /* MarvelApp.app */;
			productType = "com.apple.product-type.application";
		};
		52FFA42C27566AF1006A3F39 /* MarvelAppTests */ = {
			isa = PBXNativeTarget;
			buildConfigurationList = 52FFA43327566AF1006A3F39 /* Build configuration list for PBXNativeTarget "MarvelAppTests" */;
			buildPhases = (
				52FFA42927566AF1006A3F39 /* Sources */,
				52FFA42A27566AF1006A3F39 /* Frameworks */,
				52FFA42B27566AF1006A3F39 /* Resources */,
			);
			buildRules = (
			);
			dependencies = (
				52FFA43227566AF1006A3F39 /* PBXTargetDependency */,
			);
			name = MarvelAppTests;
			productName = MarvelAppTests;
			productReference = 52FFA42D27566AF1006A3F39 /* MarvelAppTests.xctest */;
			productType = "com.apple.product-type.bundle.unit-test";
		};
/* End PBXNativeTarget section */

/* Begin PBXProject section */
		523765AC27469DA200E8BC78 /* Project object */ = {
			isa = PBXProject;
			attributes = {
				BuildIndependentTargetsInParallel = 1;
				LastSwiftUpdateCheck = 1310;
				LastUpgradeCheck = 1310;
				TargetAttributes = {
					523765B327469DA200E8BC78 = {
						CreatedOnToolsVersion = 13.1;
					};
					52FFA42C27566AF1006A3F39 = {
						CreatedOnToolsVersion = 13.1;
						TestTargetID = 523765B327469DA200E8BC78;
					};
				};
			};
			buildConfigurationList = 523765AF27469DA200E8BC78 /* Build configuration list for PBXProject "MarvelApp" */;
			compatibilityVersion = "Xcode 13.0";
			developmentRegion = en;
			hasScannedForEncodings = 0;
			knownRegions = (
				en,
				Base,
			);
			mainGroup = 523765AB27469DA200E8BC78;
			packageReferences = (
				529918E9274BE4DE002CC164 /* XCRemoteSwiftPackageReference "lottie-ios" */,
				52FFA41A2754DE59006A3F39 /* XCRemoteSwiftPackageReference "Kingfisher" */,
				5243D6E6278F17F7008ABD5B /* XCRemoteSwiftPackageReference "ViewAnimator" */,
				52BFAC1C27A465010007DB42 /* XCRemoteSwiftPackageReference "firebase-ios-sdk" */,
			);
			productRefGroup = 523765B527469DA200E8BC78 /* Products */;
			projectDirPath = "";
			projectRoot = "";
			targets = (
				523765B327469DA200E8BC78 /* MarvelApp */,
				52FFA42C27566AF1006A3F39 /* MarvelAppTests */,
			);
		};
/* End PBXProject section */

/* Begin PBXResourcesBuildPhase section */
		523765B227469DA200E8BC78 /* Resources */ = {
			isa = PBXResourcesBuildPhase;
			buildActionMask = 2147483647;
			files = (
				523765C427469DA700E8BC78 /* LaunchScreen.storyboard in Resources */,
				52BFAC5827A4814C0007DB42 /* GoogleService-Info.plist in Resources */,
				FD207BB927DAB61600A75EA2 /* loading.json in Resources */,
				52FFA41E27551323006A3F39 /* Assets.xcassets in Resources */,
			);
			runOnlyForDeploymentPostprocessing = 0;
		};
		52FFA42B27566AF1006A3F39 /* Resources */ = {
			isa = PBXResourcesBuildPhase;
			buildActionMask = 2147483647;
			files = (
				52B21E602798A90600F328AE /* response.json in Resources */,
			);
			runOnlyForDeploymentPostprocessing = 0;
		};
/* End PBXResourcesBuildPhase section */

/* Begin PBXSourcesBuildPhase section */
		523765B027469DA200E8BC78 /* Sources */ = {
			isa = PBXSourcesBuildPhase;
			buildActionMask = 2147483647;
			files = (
				FD207BA127DAB60800A75EA2 /* Result.swift in Sources */,
				FD207BA227DAB60800A75EA2 /* DataClass.swift in Sources */,
				5207E6D92763DB45006DDDB6 /* MarvelData.xcdatamodeld in Sources */,
				88CDDB5127FE4A750095BB7F /* SearchCharacterRequest.swift in Sources */,
				FD207BBE27DAB61600A75EA2 /* TaggingProtocol.swift in Sources */,
				529918ED274C01B5002CC164 /* LoadingCell.swift in Sources */,
				523765BC27469DA200E8BC78 /* HomeViewController.swift in Sources */,
				FD207BAF27DAB60F00A75EA2 /* NetworkService.swift in Sources */,
				FD207BBC27DAB61600A75EA2 /* ImageWithBlur.swift in Sources */,
				FD207BA327DAB60800A75EA2 /* Comics.swift in Sources */,
				88CDDB5327FE4B440095BB7F /* SetCarouselCharacterRequest.swift in Sources */,
				527AF10D27907016007247E0 /* DetailsViewModel.swift in Sources */,
				FD0FD80927EBE0800082FE0D /* BaseRequest.swift in Sources */,
				FD207BC127DAC46E00A75EA2 /* MarvelCrypto.swift in Sources */,
				FD0FD80727EBE01E0082FE0D /* SetNewCharacterRequest.swift in Sources */,
				522D9E322791B76E00FB6B47 /* HomeViewModelDelegate.swift in Sources */,
				52E2A2522746BF2100A3AD3E /* DetailsViewController.swift in Sources */,
				FD207BB027DAB60F00A75EA2 /* HTTPMethod.swift in Sources */,
				FD207B9B27DAB60800A75EA2 /* CoreDataManager.swift in Sources */,
				FD207B9D27DAB60800A75EA2 /* ParseManager.swift in Sources */,
				527AF10527906CC4007247E0 /* HomeViewModel.swift in Sources */,
				522D9E342791B7B800FB6B47 /* HomeViewControllerDelegate.swift in Sources */,
				FD207BAD27DAB60F00A75EA2 /* Auth.swift in Sources */,
				FD207B9E27DAB60800A75EA2 /* DataBaseController.swift in Sources */,
				522D9E382791B87C00FB6B47 /* DataSourceHomeViewController.swift in Sources */,
				522D9E362791B7DB00FB6B47 /* DelegateHomeViewController.swift in Sources */,
				FD207B9C27DAB60800A75EA2 /* CoreDataProtocol.swift in Sources */,
				FD207BAC27DAB60F00A75EA2 /* NetworkServiceError.swift in Sources */,
				FD207BBD27DAB61600A75EA2 /* AppDelegate.swift in Sources */,
				882FD57627EBD72600897D57 /* Authentication.swift in Sources */,
				FD207BB127DAB60F00A75EA2 /* InternetConnectionManager.swift in Sources */,
				FD207BA427DAB60800A75EA2 /* ComicsItem.swift in Sources */,
				FD207B9F27DAB60800A75EA2 /* Thumbnail.swift in Sources */,
				FD207BA027DAB60800A75EA2 /* Character.swift in Sources */,
				52E2A2552746C1A300A3AD3E /* CustomCell.swift in Sources */,
				FD207BBA27DAB61600A75EA2 /* Extensions.swift in Sources */,
				FD207BBB27DAB61600A75EA2 /* CodeView.swift in Sources */,
			);
			runOnlyForDeploymentPostprocessing = 0;
		};
		52FFA42927566AF1006A3F39 /* Sources */ = {
			isa = PBXSourcesBuildPhase;
			buildActionMask = 2147483647;
			files = (
				52EBEB59279612B90005637D /* CoreDataMock.swift in Sources */,
				526D76FA27959C12004184D4 /* HomeViewModelTestes.swift in Sources */,
				FD207BC527DAC78F00A75EA2 /* MarvelCryptoSpy.swift in Sources */,
				FD207BC727DAC7B600A75EA2 /* MarvelCryptoTests.swift in Sources */,
				52B21E642798AC8300F328AE /* HomeViewControllerSpy.swift in Sources */,
				52F41E17275AC25D0074B233 /* HomeViewControllerTests.swift in Sources */,
				52FFA4392756C049006A3F39 /* NetworkServiceSpy.swift in Sources */,
				FD4864F52819E90A00F01D88 /* AuthenticationURLProviderSpy.swift in Sources */,
				FD4864F82819E96D00F01D88 /* AuthenticationURLProvider+Fixtures.swift in Sources */,
				FD4864F32819E8A900F01D88 /* NetworkServiceTests.swift in Sources */,
				FD4864FB2819ECE900F01D88 /* SetNewCharacterRequestTests.swift in Sources */,
				882FD57C27EBD9B400897D57 /* AuthenticationURLProviderTests.swift in Sources */,
			);
			runOnlyForDeploymentPostprocessing = 0;
		};
/* End PBXSourcesBuildPhase section */

/* Begin PBXTargetDependency section */
		52FFA43227566AF1006A3F39 /* PBXTargetDependency */ = {
			isa = PBXTargetDependency;
			target = 523765B327469DA200E8BC78 /* MarvelApp */;
			targetProxy = 52FFA43127566AF1006A3F39 /* PBXContainerItemProxy */;
		};
/* End PBXTargetDependency section */

/* Begin PBXVariantGroup section */
		523765C227469DA700E8BC78 /* LaunchScreen.storyboard */ = {
			isa = PBXVariantGroup;
			children = (
				523765C327469DA700E8BC78 /* Base */,
			);
			name = LaunchScreen.storyboard;
			sourceTree = "<group>";
		};
/* End PBXVariantGroup section */

/* Begin XCBuildConfiguration section */
		523765C627469DA700E8BC78 /* Debug */ = {
			isa = XCBuildConfiguration;
			buildSettings = {
				ALWAYS_SEARCH_USER_PATHS = NO;
				CLANG_ANALYZER_NONNULL = YES;
				CLANG_ANALYZER_NUMBER_OBJECT_CONVERSION = YES_AGGRESSIVE;
				CLANG_CXX_LANGUAGE_STANDARD = "gnu++17";
				CLANG_CXX_LIBRARY = "libc++";
				CLANG_ENABLE_MODULES = YES;
				CLANG_ENABLE_OBJC_ARC = YES;
				CLANG_ENABLE_OBJC_WEAK = YES;
				CLANG_WARN_BLOCK_CAPTURE_AUTORELEASING = YES;
				CLANG_WARN_BOOL_CONVERSION = YES;
				CLANG_WARN_COMMA = YES;
				CLANG_WARN_CONSTANT_CONVERSION = YES;
				CLANG_WARN_DEPRECATED_OBJC_IMPLEMENTATIONS = YES;
				CLANG_WARN_DIRECT_OBJC_ISA_USAGE = YES_ERROR;
				CLANG_WARN_DOCUMENTATION_COMMENTS = YES;
				CLANG_WARN_EMPTY_BODY = YES;
				CLANG_WARN_ENUM_CONVERSION = YES;
				CLANG_WARN_INFINITE_RECURSION = YES;
				CLANG_WARN_INT_CONVERSION = YES;
				CLANG_WARN_NON_LITERAL_NULL_CONVERSION = YES;
				CLANG_WARN_OBJC_IMPLICIT_RETAIN_SELF = YES;
				CLANG_WARN_OBJC_LITERAL_CONVERSION = YES;
				CLANG_WARN_OBJC_ROOT_CLASS = YES_ERROR;
				CLANG_WARN_QUOTED_INCLUDE_IN_FRAMEWORK_HEADER = YES;
				CLANG_WARN_RANGE_LOOP_ANALYSIS = YES;
				CLANG_WARN_STRICT_PROTOTYPES = YES;
				CLANG_WARN_SUSPICIOUS_MOVE = YES;
				CLANG_WARN_UNGUARDED_AVAILABILITY = YES_AGGRESSIVE;
				CLANG_WARN_UNREACHABLE_CODE = YES;
				CLANG_WARN__DUPLICATE_METHOD_MATCH = YES;
				COPY_PHASE_STRIP = NO;
				DEBUG_INFORMATION_FORMAT = dwarf;
				ENABLE_STRICT_OBJC_MSGSEND = YES;
				ENABLE_TESTABILITY = YES;
				GCC_C_LANGUAGE_STANDARD = gnu11;
				GCC_DYNAMIC_NO_PIC = NO;
				GCC_NO_COMMON_BLOCKS = YES;
				GCC_OPTIMIZATION_LEVEL = 0;
				GCC_PREPROCESSOR_DEFINITIONS = (
					"DEBUG=1",
					"$(inherited)",
				);
				GCC_WARN_64_TO_32_BIT_CONVERSION = YES;
				GCC_WARN_ABOUT_RETURN_TYPE = YES_ERROR;
				GCC_WARN_UNDECLARED_SELECTOR = YES;
				GCC_WARN_UNINITIALIZED_AUTOS = YES_AGGRESSIVE;
				GCC_WARN_UNUSED_FUNCTION = YES;
				GCC_WARN_UNUSED_VARIABLE = YES;
				IPHONEOS_DEPLOYMENT_TARGET = 15.0;
				MTL_ENABLE_DEBUG_INFO = INCLUDE_SOURCE;
				MTL_FAST_MATH = YES;
				ONLY_ACTIVE_ARCH = YES;
				SDKROOT = iphoneos;
				SWIFT_ACTIVE_COMPILATION_CONDITIONS = DEBUG;
				SWIFT_OPTIMIZATION_LEVEL = "-Onone";
			};
			name = Debug;
		};
		523765C727469DA700E8BC78 /* Release */ = {
			isa = XCBuildConfiguration;
			buildSettings = {
				ALWAYS_SEARCH_USER_PATHS = NO;
				CLANG_ANALYZER_NONNULL = YES;
				CLANG_ANALYZER_NUMBER_OBJECT_CONVERSION = YES_AGGRESSIVE;
				CLANG_CXX_LANGUAGE_STANDARD = "gnu++17";
				CLANG_CXX_LIBRARY = "libc++";
				CLANG_ENABLE_MODULES = YES;
				CLANG_ENABLE_OBJC_ARC = YES;
				CLANG_ENABLE_OBJC_WEAK = YES;
				CLANG_WARN_BLOCK_CAPTURE_AUTORELEASING = YES;
				CLANG_WARN_BOOL_CONVERSION = YES;
				CLANG_WARN_COMMA = YES;
				CLANG_WARN_CONSTANT_CONVERSION = YES;
				CLANG_WARN_DEPRECATED_OBJC_IMPLEMENTATIONS = YES;
				CLANG_WARN_DIRECT_OBJC_ISA_USAGE = YES_ERROR;
				CLANG_WARN_DOCUMENTATION_COMMENTS = YES;
				CLANG_WARN_EMPTY_BODY = YES;
				CLANG_WARN_ENUM_CONVERSION = YES;
				CLANG_WARN_INFINITE_RECURSION = YES;
				CLANG_WARN_INT_CONVERSION = YES;
				CLANG_WARN_NON_LITERAL_NULL_CONVERSION = YES;
				CLANG_WARN_OBJC_IMPLICIT_RETAIN_SELF = YES;
				CLANG_WARN_OBJC_LITERAL_CONVERSION = YES;
				CLANG_WARN_OBJC_ROOT_CLASS = YES_ERROR;
				CLANG_WARN_QUOTED_INCLUDE_IN_FRAMEWORK_HEADER = YES;
				CLANG_WARN_RANGE_LOOP_ANALYSIS = YES;
				CLANG_WARN_STRICT_PROTOTYPES = YES;
				CLANG_WARN_SUSPICIOUS_MOVE = YES;
				CLANG_WARN_UNGUARDED_AVAILABILITY = YES_AGGRESSIVE;
				CLANG_WARN_UNREACHABLE_CODE = YES;
				CLANG_WARN__DUPLICATE_METHOD_MATCH = YES;
				COPY_PHASE_STRIP = NO;
				DEBUG_INFORMATION_FORMAT = "dwarf-with-dsym";
				ENABLE_NS_ASSERTIONS = NO;
				ENABLE_STRICT_OBJC_MSGSEND = YES;
				GCC_C_LANGUAGE_STANDARD = gnu11;
				GCC_NO_COMMON_BLOCKS = YES;
				GCC_WARN_64_TO_32_BIT_CONVERSION = YES;
				GCC_WARN_ABOUT_RETURN_TYPE = YES_ERROR;
				GCC_WARN_UNDECLARED_SELECTOR = YES;
				GCC_WARN_UNINITIALIZED_AUTOS = YES_AGGRESSIVE;
				GCC_WARN_UNUSED_FUNCTION = YES;
				GCC_WARN_UNUSED_VARIABLE = YES;
				IPHONEOS_DEPLOYMENT_TARGET = 15.0;
				MTL_ENABLE_DEBUG_INFO = NO;
				MTL_FAST_MATH = YES;
				SDKROOT = iphoneos;
				SWIFT_COMPILATION_MODE = wholemodule;
				SWIFT_OPTIMIZATION_LEVEL = "-O";
				VALIDATE_PRODUCT = YES;
			};
			name = Release;
		};
		523765C927469DA700E8BC78 /* Debug */ = {
			isa = XCBuildConfiguration;
			buildSettings = {
				ASSETCATALOG_COMPILER_APPICON_NAME = AppIcon;
				ASSETCATALOG_COMPILER_GLOBAL_ACCENT_COLOR_NAME = AccentColor;
				CODE_SIGN_STYLE = Automatic;
				CURRENT_PROJECT_VERSION = 1;
				DEVELOPMENT_TEAM = UB3R56KGDA;
				GENERATE_INFOPLIST_FILE = YES;
				INFOPLIST_FILE = MarvelApp/Resources/Info.plist;
				INFOPLIST_KEY_UIApplicationSupportsIndirectInputEvents = YES;
				INFOPLIST_KEY_UILaunchStoryboardName = LaunchScreen;
				INFOPLIST_KEY_UISupportedInterfaceOrientations_iPad = "UIInterfaceOrientationPortrait UIInterfaceOrientationPortraitUpsideDown UIInterfaceOrientationLandscapeLeft UIInterfaceOrientationLandscapeRight";
				INFOPLIST_KEY_UISupportedInterfaceOrientations_iPhone = "UIInterfaceOrientationPortrait UIInterfaceOrientationLandscapeLeft UIInterfaceOrientationLandscapeRight";
				IPHONEOS_DEPLOYMENT_TARGET = 12.1;
				LD_RUNPATH_SEARCH_PATHS = (
					"$(inherited)",
					"@executable_path/Frameworks",
				);
				MARKETING_VERSION = 1.0;
				PRODUCT_BUNDLE_IDENTIFIER = rayanaprata.MarvelApp;
				PRODUCT_NAME = "$(TARGET_NAME)";
				SWIFT_EMIT_LOC_STRINGS = YES;
				SWIFT_VERSION = 5.0;
				TARGETED_DEVICE_FAMILY = 1;
			};
			name = Debug;
		};
		523765CA27469DA700E8BC78 /* Release */ = {
			isa = XCBuildConfiguration;
			buildSettings = {
				ASSETCATALOG_COMPILER_APPICON_NAME = AppIcon;
				ASSETCATALOG_COMPILER_GLOBAL_ACCENT_COLOR_NAME = AccentColor;
				CODE_SIGN_STYLE = Automatic;
				CURRENT_PROJECT_VERSION = 1;
				DEVELOPMENT_TEAM = UB3R56KGDA;
				GENERATE_INFOPLIST_FILE = YES;
				INFOPLIST_FILE = MarvelApp/Resources/Info.plist;
				INFOPLIST_KEY_UIApplicationSupportsIndirectInputEvents = YES;
				INFOPLIST_KEY_UILaunchStoryboardName = LaunchScreen;
				INFOPLIST_KEY_UISupportedInterfaceOrientations_iPad = "UIInterfaceOrientationPortrait UIInterfaceOrientationPortraitUpsideDown UIInterfaceOrientationLandscapeLeft UIInterfaceOrientationLandscapeRight";
				INFOPLIST_KEY_UISupportedInterfaceOrientations_iPhone = "UIInterfaceOrientationPortrait UIInterfaceOrientationLandscapeLeft UIInterfaceOrientationLandscapeRight";
				IPHONEOS_DEPLOYMENT_TARGET = 12.1;
				LD_RUNPATH_SEARCH_PATHS = (
					"$(inherited)",
					"@executable_path/Frameworks",
				);
				MARKETING_VERSION = 1.0;
				PRODUCT_BUNDLE_IDENTIFIER = rayanaprata.MarvelApp;
				PRODUCT_NAME = "$(TARGET_NAME)";
				SWIFT_EMIT_LOC_STRINGS = YES;
				SWIFT_VERSION = 5.0;
				TARGETED_DEVICE_FAMILY = 1;
			};
			name = Release;
		};
		52FFA43427566AF1006A3F39 /* Debug */ = {
			isa = XCBuildConfiguration;
			buildSettings = {
				BUNDLE_LOADER = "$(TEST_HOST)";
				CODE_SIGN_STYLE = Automatic;
				CURRENT_PROJECT_VERSION = 1;
				GENERATE_INFOPLIST_FILE = YES;
				LD_RUNPATH_SEARCH_PATHS = (
					"$(inherited)",
					"@executable_path/Frameworks",
					"@loader_path/Frameworks",
				);
				MARKETING_VERSION = 1.0;
				PRODUCT_BUNDLE_IDENTIFIER = rayanaprata.MarvelAppTests;
				PRODUCT_NAME = "$(TARGET_NAME)";
				SWIFT_EMIT_LOC_STRINGS = NO;
				SWIFT_VERSION = 5.0;
				TARGETED_DEVICE_FAMILY = "1,2";
				TEST_HOST = "$(BUILT_PRODUCTS_DIR)/MarvelApp.app/MarvelApp";
			};
			name = Debug;
		};
		52FFA43527566AF1006A3F39 /* Release */ = {
			isa = XCBuildConfiguration;
			buildSettings = {
				BUNDLE_LOADER = "$(TEST_HOST)";
				CODE_SIGN_STYLE = Automatic;
				CURRENT_PROJECT_VERSION = 1;
				GENERATE_INFOPLIST_FILE = YES;
				LD_RUNPATH_SEARCH_PATHS = (
					"$(inherited)",
					"@executable_path/Frameworks",
					"@loader_path/Frameworks",
				);
				MARKETING_VERSION = 1.0;
				PRODUCT_BUNDLE_IDENTIFIER = rayanaprata.MarvelAppTests;
				PRODUCT_NAME = "$(TARGET_NAME)";
				SWIFT_EMIT_LOC_STRINGS = NO;
				SWIFT_VERSION = 5.0;
				TARGETED_DEVICE_FAMILY = "1,2";
				TEST_HOST = "$(BUILT_PRODUCTS_DIR)/MarvelApp.app/MarvelApp";
			};
			name = Release;
		};
/* End XCBuildConfiguration section */

/* Begin XCConfigurationList section */
		523765AF27469DA200E8BC78 /* Build configuration list for PBXProject "MarvelApp" */ = {
			isa = XCConfigurationList;
			buildConfigurations = (
				523765C627469DA700E8BC78 /* Debug */,
				523765C727469DA700E8BC78 /* Release */,
			);
			defaultConfigurationIsVisible = 0;
			defaultConfigurationName = Release;
		};
		523765C827469DA700E8BC78 /* Build configuration list for PBXNativeTarget "MarvelApp" */ = {
			isa = XCConfigurationList;
			buildConfigurations = (
				523765C927469DA700E8BC78 /* Debug */,
				523765CA27469DA700E8BC78 /* Release */,
			);
			defaultConfigurationIsVisible = 0;
			defaultConfigurationName = Release;
		};
		52FFA43327566AF1006A3F39 /* Build configuration list for PBXNativeTarget "MarvelAppTests" */ = {
			isa = XCConfigurationList;
			buildConfigurations = (
				52FFA43427566AF1006A3F39 /* Debug */,
				52FFA43527566AF1006A3F39 /* Release */,
			);
			defaultConfigurationIsVisible = 0;
			defaultConfigurationName = Release;
		};
/* End XCConfigurationList section */

/* Begin XCRemoteSwiftPackageReference section */
		5243D6E6278F17F7008ABD5B /* XCRemoteSwiftPackageReference "ViewAnimator" */ = {
			isa = XCRemoteSwiftPackageReference;
			repositoryURL = "https://github.com/marcosgriselli/ViewAnimator";
			requirement = {
				kind = upToNextMajorVersion;
				minimumVersion = 3.0.0;
			};
		};
		529918E9274BE4DE002CC164 /* XCRemoteSwiftPackageReference "lottie-ios" */ = {
			isa = XCRemoteSwiftPackageReference;
			repositoryURL = "https://github.com/airbnb/lottie-ios/";
			requirement = {
				kind = upToNextMajorVersion;
				minimumVersion = 3.0.0;
			};
		};
		52BFAC1C27A465010007DB42 /* XCRemoteSwiftPackageReference "firebase-ios-sdk" */ = {
			isa = XCRemoteSwiftPackageReference;
			repositoryURL = "https://github.com/firebase/firebase-ios-sdk";
			requirement = {
				kind = upToNextMajorVersion;
				minimumVersion = 8.0.0;
			};
		};
		52FFA41A2754DE59006A3F39 /* XCRemoteSwiftPackageReference "Kingfisher" */ = {
			isa = XCRemoteSwiftPackageReference;
			repositoryURL = "https://github.com/onevcat/Kingfisher";
			requirement = {
				kind = upToNextMajorVersion;
				minimumVersion = 7.0.0;
			};
		};
/* End XCRemoteSwiftPackageReference section */

/* Begin XCSwiftPackageProductDependency section */
		5243D6E7278F17F7008ABD5B /* ViewAnimator */ = {
			isa = XCSwiftPackageProductDependency;
			package = 5243D6E6278F17F7008ABD5B /* XCRemoteSwiftPackageReference "ViewAnimator" */;
			productName = ViewAnimator;
		};
		529918EA274BE4DE002CC164 /* Lottie */ = {
			isa = XCSwiftPackageProductDependency;
			package = 529918E9274BE4DE002CC164 /* XCRemoteSwiftPackageReference "lottie-ios" */;
			productName = Lottie;
		};
		52BFAC1D27A465010007DB42 /* FirebaseAnalytics */ = {
			isa = XCSwiftPackageProductDependency;
			package = 52BFAC1C27A465010007DB42 /* XCRemoteSwiftPackageReference "firebase-ios-sdk" */;
			productName = FirebaseAnalytics;
		};
		52FFA41B2754DE59006A3F39 /* Kingfisher */ = {
			isa = XCSwiftPackageProductDependency;
			package = 52FFA41A2754DE59006A3F39 /* XCRemoteSwiftPackageReference "Kingfisher" */;
			productName = Kingfisher;
		};
/* End XCSwiftPackageProductDependency section */

/* Begin XCVersionGroup section */
		5207E6D72763DB45006DDDB6 /* MarvelData.xcdatamodeld */ = {
			isa = XCVersionGroup;
			children = (
				5207E6D82763DB45006DDDB6 /* MarvelData.xcdatamodel */,
			);
			currentVersion = 5207E6D82763DB45006DDDB6 /* MarvelData.xcdatamodel */;
			path = MarvelData.xcdatamodeld;
			sourceTree = "<group>";
			versionGroupType = wrapper.xcdatamodel;
		};
/* End XCVersionGroup section */
	};
	rootObject = 523765AC27469DA200E8BC78 /* Project object */;
}
